
Microsoft Visual Studio Solution File, Format Version 12.00
Project("{FAE04EC0-301F-11D3-BF4B-00C04F79EFBC}") = "Tourfirm", "Tourfirm\Tourfirm.csproj", "{C94A96C4-7D11-4D3D-953E-CE662C2A9F0A}"
EndProject
Project("{2150E333-8FDC-42A3-9474-1A3956D46DE8}") = "DAL", "DAL", "{0DA9F51F-D91D-401B-AFCB-4E6A7D1812DE}"
EndProject
Project("{FAE04EC0-301F-11D3-BF4B-00C04F79EFBC}") = "Tourfirm.DAL", "Tourfirm.DAL\Tourfirm.DAL.csproj", "{0420CFA6-F6EF-4544-8999-736971297B5B}"
EndProject
Project("{2150E333-8FDC-42A3-9474-1A3956D46DE8}") = "Domain", "Domain", "{6F0A0EEE-7B49-4DD7-AB8C-B38475CDB640}"
EndProject
Project("{FAE04EC0-301F-11D3-BF4B-00C04F79EFBC}") = "Tourfirm.Domain", "Tourfirm.Domain\Tourfirm.Domain.csproj", "{8970DF2B-AFAB-4EB8-BA24-8377D85F6266}"
EndProject
Project("{2150E333-8FDC-42A3-9474-1A3956D46DE8}") = "API", "API", "{9894F37A-0DBF-4C6A-8FEB-21508A912A05}"
EndProject
Project("{FAE04EC0-301F-11D3-BF4B-00C04F79EFBC}") = "Tourfirm.API", "Tourfirm.API\Tourfirm.API.csproj", "{08E0B9D2-B88D-44D7-A13F-FFE0772EE6D9}"
EndProject
Project("{2150E333-8FDC-42A3-9474-1A3956D46DE8}") = "Service", "Service", "{9DB78CA0-060A-4707-9732-9385BFDAB01F}"
EndProject
Project("{FAE04EC0-301F-11D3-BF4B-00C04F79EFBC}") = "Tourfirm.Service", "Tourfirm.Service\Tourfirm.Service.csproj", "{10E6B12C-9219-44FD-AF3F-2211E5B97DB2}"
EndProject
Global
	GlobalSection(SolutionConfigurationPlatforms) = preSolution
		Debug|Any CPU = Debug|Any CPU
		Release|Any CPU = Release|Any CPU
	EndGlobalSection
	GlobalSection(ProjectConfigurationPlatforms) = postSolution
		{C94A96C4-7D11-4D3D-953E-CE662C2A9F0A}.Debug|Any CPU.ActiveCfg = Debug|Any CPU
		{C94A96C4-7D11-4D3D-953E-CE662C2A9F0A}.Debug|Any CPU.Build.0 = Debug|Any CPU
		{C94A96C4-7D11-4D3D-953E-CE662C2A9F0A}.Release|Any CPU.ActiveCfg = Release|Any CPU
		{C94A96C4-7D11-4D3D-953E-CE662C2A9F0A}.Release|Any CPU.Build.0 = Release|Any CPU
		{0420CFA6-F6EF-4544-8999-736971297B5B}.Debug|Any CPU.ActiveCfg = Debug|Any CPU
		{0420CFA6-F6EF-4544-8999-736971297B5B}.Debug|Any CPU.Build.0 = Debug|Any CPU
		{0420CFA6-F6EF-4544-8999-736971297B5B}.Release|Any CPU.ActiveCfg = Release|Any CPU
		{0420CFA6-F6EF-4544-8999-736971297B5B}.Release|Any CPU.Build.0 = Release|Any CPU
		{8970DF2B-AFAB-4EB8-BA24-8377D85F6266}.Debug|Any CPU.ActiveCfg = Debug|Any CPU
		{8970DF2B-AFAB-4EB8-BA24-8377D85F6266}.Debug|Any CPU.Build.0 = Debug|Any CPU
		{8970DF2B-AFAB-4EB8-BA24-8377D85F6266}.Release|Any CPU.ActiveCfg = Release|Any CPU
		{8970DF2B-AFAB-4EB8-BA24-8377D85F6266}.Release|Any CPU.Build.0 = Release|Any CPU
		{08E0B9D2-B88D-44D7-A13F-FFE0772EE6D9}.Debug|Any CPU.ActiveCfg = Debug|Any CPU
		{08E0B9D2-B88D-44D7-A13F-FFE0772EE6D9}.Debug|Any CPU.Build.0 = Debug|Any CPU
		{08E0B9D2-B88D-44D7-A13F-FFE0772EE6D9}.Release|Any CPU.ActiveCfg = Release|Any CPU
		{08E0B9D2-B88D-44D7-A13F-FFE0772EE6D9}.Release|Any CPU.Build.0 = Release|Any CPU
		{10E6B12C-9219-44FD-AF3F-2211E5B97DB2}.Debug|Any CPU.ActiveCfg = Debug|Any CPU
		{10E6B12C-9219-44FD-AF3F-2211E5B97DB2}.Debug|Any CPU.Build.0 = Debug|Any CPU
		{10E6B12C-9219-44FD-AF3F-2211E5B97DB2}.Release|Any CPU.ActiveCfg = Release|Any CPU
		{10E6B12C-9219-44FD-AF3F-2211E5B97DB2}.Release|Any CPU.Build.0 = Release|Any CPU
	EndGlobalSection
	GlobalSection(NestedProjects) = preSolution
		{0420CFA6-F6EF-4544-8999-736971297B5B} = {0DA9F51F-D91D-401B-AFCB-4E6A7D1812DE}
		{8970DF2B-AFAB-4EB8-BA24-8377D85F6266} = {6F0A0EEE-7B49-4DD7-AB8C-B38475CDB640}
		{08E0B9D2-B88D-44D7-A13F-FFE0772EE6D9} = {9894F37A-0DBF-4C6A-8FEB-21508A912A05}
		{10E6B12C-9219-44FD-AF3F-2211E5B97DB2} = {9DB78CA0-060A-4707-9732-9385BFDAB01F}
	EndGlobalSection
EndGlobal
